
Microsoft Visual Studio Solution File, Format Version 12.00
# Visual Studio Version 16
VisualStudioVersion = 16.0.31129.286
MinimumVisualStudioVersion = 10.0.40219.1
Project("{FAE04EC0-301F-11D3-BF4B-00C04F79EFBC}") = "Learn A Language Kids", "Learn A Language Kids\Learn A Language Kids.csproj", "{9A942551-BF7D-45FE-8746-5C41EBA56011}"
EndProject
Global
	GlobalSection(SolutionConfigurationPlatforms) = preSolution
		Debug|Any CPU = Debug|Any CPU
		Release|Any CPU = Release|Any CPU
	EndGlobalSection
	GlobalSection(ProjectConfigurationPlatforms) = postSolution
		{9A942551-BF7D-45FE-8746-5C41EBA56011}.Debug|Any CPU.ActiveCfg = Debug|Any CPU
		{9A942551-BF7D-45FE-8746-5C41EBA56011}.Debug|Any CPU.Build.0 = Debug|Any CPU
		{9A942551-BF7D-45FE-8746-5C41EBA56011}.Release|Any CPU.ActiveCfg = Release|Any CPU
		{9A942551-BF7D-45FE-8746-5C41EBA56011}.Release|Any CPU.Build.0 = Release|Any CPU
	EndGlobalSection
	GlobalSection(SolutionProperties) = preSolution
		HideSolutionNode = FALSE
	EndGlobalSection
	GlobalSection(ExtensibilityGlobals) = postSolution
		SolutionGuid = {A1DF1F42-2063-4965-B625-21E297202B44}
	EndGlobalSection
EndGlobal
